
Microsoft Visual Studio Solution File, Format Version 12.00
# Visual Studio Version 17
VisualStudioVersion = 17.12.35728.132
MinimumVisualStudioVersion = 10.0.40219.1
Project("{FAE04EC0-301F-11D3-BF4B-00C04F79EFBC}") = "FactoryMethod", "FactoryMethod\FactoryMethod.csproj", "{F47C18C8-8D68-4695-AB35-1A12B4BB5D75}"
EndProject
Project("{FAE04EC0-301F-11D3-BF4B-00C04F79EFBC}") = "Builder", "Builder\Builder.csproj", "{4848C1A9-2199-48F7-891C-6525F70CA3E8}"
EndProject
Project("{FAE04EC0-301F-11D3-BF4B-00C04F79EFBC}") = "Prototype", "Prototype\Prototype.csproj", "{7778725C-963D-4523-B43C-6935126CA403}"
EndProject
Project("{FAE04EC0-301F-11D3-BF4B-00C04F79EFBC}") = "Singleton", "Singleton\Singleton.csproj", "{04391330-CB4C-4C76-91BC-80C5EF0EA3A9}"
EndProject
Project("{FAE04EC0-301F-11D3-BF4B-00C04F79EFBC}") = "AbstractFactory", "AbstractFactory\AbstractFactory.csproj", "{2C901F31-7824-422B-B730-881C9D6A1ECF}"
EndProject
Project("{FAE04EC0-301F-11D3-BF4B-00C04F79EFBC}") = "Adapter", "Adapter\Adapter.csproj", "{D7C33646-4269-4085-9467-1522458096DF}"
EndProject
Project("{FAE04EC0-301F-11D3-BF4B-00C04F79EFBC}") = "Bridge", "Bridge\Bridge.csproj", "{CAA7737B-6BC9-4B48-8FF5-A446C2CBF7EC}"
EndProject
Project("{FAE04EC0-301F-11D3-BF4B-00C04F79EFBC}") = "Facade", "Facade\Facade.csproj", "{3B1AEC07-068D-4ED6-AE35-C6221DBE1846}"
EndProject
Project("{FAE04EC0-301F-11D3-BF4B-00C04F79EFBC}") = "Composite", "Composite\Composite.csproj", "{6ED88339-77E8-4236-AC9F-8862D6FFCF34}"
EndProject
Project("{FAE04EC0-301F-11D3-BF4B-00C04F79EFBC}") = "Decorator", "Decorator\Decorator.csproj", "{428C38DD-B664-4CF7-99AA-81A411383DD8}"
EndProject
Project("{FAE04EC0-301F-11D3-BF4B-00C04F79EFBC}") = "Proxy", "Proxy\Proxy.csproj", "{9E5FABE0-8F43-4EB8-BB70-468E25F666C2}"
EndProject
Project("{FAE04EC0-301F-11D3-BF4B-00C04F79EFBC}") = "Flyweight", "Flyweight\Flyweight.csproj", "{80D0A9C8-2F4E-4F5D-A7A8-D12F8A96CC86}"
EndProject
Project("{FAE04EC0-301F-11D3-BF4B-00C04F79EFBC}") = "ChainOfResponsibility", "ChainOfResponsibility\ChainOfResponsibility.csproj", "{E6FDFE56-C717-4570-B681-BF4967836C84}"
EndProject
Project("{FAE04EC0-301F-11D3-BF4B-00C04F79EFBC}") = "State", "State\State.csproj", "{81960942-A65A-4B74-8B71-98B52A8E2251}"
EndProject
Project("{FAE04EC0-301F-11D3-BF4B-00C04F79EFBC}") = "Iterator", "Iterator\Iterator.csproj", "{8A4C4235-230E-475F-A943-C8F76B616501}"
EndProject
Project("{FAE04EC0-301F-11D3-BF4B-00C04F79EFBC}") = "Command", "Command\Command.csproj", "{F8E1BE47-9C5C-41CE-909A-89DC50A25498}"
EndProject
Global
	GlobalSection(SolutionConfigurationPlatforms) = preSolution
		Debug|Any CPU = Debug|Any CPU
		Release|Any CPU = Release|Any CPU
	EndGlobalSection
	GlobalSection(ProjectConfigurationPlatforms) = postSolution
		{F47C18C8-8D68-4695-AB35-1A12B4BB5D75}.Debug|Any CPU.ActiveCfg = Debug|Any CPU
		{F47C18C8-8D68-4695-AB35-1A12B4BB5D75}.Debug|Any CPU.Build.0 = Debug|Any CPU
		{F47C18C8-8D68-4695-AB35-1A12B4BB5D75}.Release|Any CPU.ActiveCfg = Release|Any CPU
		{F47C18C8-8D68-4695-AB35-1A12B4BB5D75}.Release|Any CPU.Build.0 = Release|Any CPU
		{4848C1A9-2199-48F7-891C-6525F70CA3E8}.Debug|Any CPU.ActiveCfg = Debug|Any CPU
		{4848C1A9-2199-48F7-891C-6525F70CA3E8}.Debug|Any CPU.Build.0 = Debug|Any CPU
		{4848C1A9-2199-48F7-891C-6525F70CA3E8}.Release|Any CPU.ActiveCfg = Release|Any CPU
		{4848C1A9-2199-48F7-891C-6525F70CA3E8}.Release|Any CPU.Build.0 = Release|Any CPU
		{7778725C-963D-4523-B43C-6935126CA403}.Debug|Any CPU.ActiveCfg = Debug|Any CPU
		{7778725C-963D-4523-B43C-6935126CA403}.Debug|Any CPU.Build.0 = Debug|Any CPU
		{7778725C-963D-4523-B43C-6935126CA403}.Release|Any CPU.ActiveCfg = Release|Any CPU
		{7778725C-963D-4523-B43C-6935126CA403}.Release|Any CPU.Build.0 = Release|Any CPU
		{04391330-CB4C-4C76-91BC-80C5EF0EA3A9}.Debug|Any CPU.ActiveCfg = Debug|Any CPU
		{04391330-CB4C-4C76-91BC-80C5EF0EA3A9}.Debug|Any CPU.Build.0 = Debug|Any CPU
		{04391330-CB4C-4C76-91BC-80C5EF0EA3A9}.Release|Any CPU.ActiveCfg = Release|Any CPU
		{04391330-CB4C-4C76-91BC-80C5EF0EA3A9}.Release|Any CPU.Build.0 = Release|Any CPU
		{2C901F31-7824-422B-B730-881C9D6A1ECF}.Debug|Any CPU.ActiveCfg = Debug|Any CPU
		{2C901F31-7824-422B-B730-881C9D6A1ECF}.Debug|Any CPU.Build.0 = Debug|Any CPU
		{2C901F31-7824-422B-B730-881C9D6A1ECF}.Release|Any CPU.ActiveCfg = Release|Any CPU
		{2C901F31-7824-422B-B730-881C9D6A1ECF}.Release|Any CPU.Build.0 = Release|Any CPU
		{D7C33646-4269-4085-9467-1522458096DF}.Debug|Any CPU.ActiveCfg = Debug|Any CPU
		{D7C33646-4269-4085-9467-1522458096DF}.Debug|Any CPU.Build.0 = Debug|Any CPU
		{D7C33646-4269-4085-9467-1522458096DF}.Release|Any CPU.ActiveCfg = Release|Any CPU
		{D7C33646-4269-4085-9467-1522458096DF}.Release|Any CPU.Build.0 = Release|Any CPU
		{CAA7737B-6BC9-4B48-8FF5-A446C2CBF7EC}.Debug|Any CPU.ActiveCfg = Debug|Any CPU
		{CAA7737B-6BC9-4B48-8FF5-A446C2CBF7EC}.Debug|Any CPU.Build.0 = Debug|Any CPU
		{CAA7737B-6BC9-4B48-8FF5-A446C2CBF7EC}.Release|Any CPU.ActiveCfg = Release|Any CPU
		{CAA7737B-6BC9-4B48-8FF5-A446C2CBF7EC}.Release|Any CPU.Build.0 = Release|Any CPU
		{3B1AEC07-068D-4ED6-AE35-C6221DBE1846}.Debug|Any CPU.ActiveCfg = Debug|Any CPU
		{3B1AEC07-068D-4ED6-AE35-C6221DBE1846}.Debug|Any CPU.Build.0 = Debug|Any CPU
		{3B1AEC07-068D-4ED6-AE35-C6221DBE1846}.Release|Any CPU.ActiveCfg = Release|Any CPU
		{3B1AEC07-068D-4ED6-AE35-C6221DBE1846}.Release|Any CPU.Build.0 = Release|Any CPU
		{6ED88339-77E8-4236-AC9F-8862D6FFCF34}.Debug|Any CPU.ActiveCfg = Debug|Any CPU
		{6ED88339-77E8-4236-AC9F-8862D6FFCF34}.Debug|Any CPU.Build.0 = Debug|Any CPU
		{6ED88339-77E8-4236-AC9F-8862D6FFCF34}.Release|Any CPU.ActiveCfg = Release|Any CPU
		{6ED88339-77E8-4236-AC9F-8862D6FFCF34}.Release|Any CPU.Build.0 = Release|Any CPU
		{428C38DD-B664-4CF7-99AA-81A411383DD8}.Debug|Any CPU.ActiveCfg = Debug|Any CPU
		{428C38DD-B664-4CF7-99AA-81A411383DD8}.Debug|Any CPU.Build.0 = Debug|Any CPU
		{428C38DD-B664-4CF7-99AA-81A411383DD8}.Release|Any CPU.ActiveCfg = Release|Any CPU
		{428C38DD-B664-4CF7-99AA-81A411383DD8}.Release|Any CPU.Build.0 = Release|Any CPU
		{9E5FABE0-8F43-4EB8-BB70-468E25F666C2}.Debug|Any CPU.ActiveCfg = Debug|Any CPU
		{9E5FABE0-8F43-4EB8-BB70-468E25F666C2}.Debug|Any CPU.Build.0 = Debug|Any CPU
		{9E5FABE0-8F43-4EB8-BB70-468E25F666C2}.Release|Any CPU.ActiveCfg = Release|Any CPU
		{9E5FABE0-8F43-4EB8-BB70-468E25F666C2}.Release|Any CPU.Build.0 = Release|Any CPU
		{80D0A9C8-2F4E-4F5D-A7A8-D12F8A96CC86}.Debug|Any CPU.ActiveCfg = Debug|Any CPU
		{80D0A9C8-2F4E-4F5D-A7A8-D12F8A96CC86}.Debug|Any CPU.Build.0 = Debug|Any CPU
		{80D0A9C8-2F4E-4F5D-A7A8-D12F8A96CC86}.Release|Any CPU.ActiveCfg = Release|Any CPU
		{80D0A9C8-2F4E-4F5D-A7A8-D12F8A96CC86}.Release|Any CPU.Build.0 = Release|Any CPU
		{E6FDFE56-C717-4570-B681-BF4967836C84}.Debug|Any CPU.ActiveCfg = Debug|Any CPU
		{E6FDFE56-C717-4570-B681-BF4967836C84}.Debug|Any CPU.Build.0 = Debug|Any CPU
		{E6FDFE56-C717-4570-B681-BF4967836C84}.Release|Any CPU.ActiveCfg = Release|Any CPU
		{E6FDFE56-C717-4570-B681-BF4967836C84}.Release|Any CPU.Build.0 = Release|Any CPU
		{81960942-A65A-4B74-8B71-98B52A8E2251}.Debug|Any CPU.ActiveCfg = Debug|Any CPU
		{81960942-A65A-4B74-8B71-98B52A8E2251}.Debug|Any CPU.Build.0 = Debug|Any CPU
		{81960942-A65A-4B74-8B71-98B52A8E2251}.Release|Any CPU.ActiveCfg = Release|Any CPU
		{81960942-A65A-4B74-8B71-98B52A8E2251}.Release|Any CPU.Build.0 = Release|Any CPU
		{8A4C4235-230E-475F-A943-C8F76B616501}.Debug|Any CPU.ActiveCfg = Debug|Any CPU
		{8A4C4235-230E-475F-A943-C8F76B616501}.Debug|Any CPU.Build.0 = Debug|Any CPU
		{8A4C4235-230E-475F-A943-C8F76B616501}.Release|Any CPU.ActiveCfg = Release|Any CPU
		{8A4C4235-230E-475F-A943-C8F76B616501}.Release|Any CPU.Build.0 = Release|Any CPU
		{F8E1BE47-9C5C-41CE-909A-89DC50A25498}.Debug|Any CPU.ActiveCfg = Debug|Any CPU
		{F8E1BE47-9C5C-41CE-909A-89DC50A25498}.Debug|Any CPU.Build.0 = Debug|Any CPU
		{F8E1BE47-9C5C-41CE-909A-89DC50A25498}.Release|Any CPU.ActiveCfg = Release|Any CPU
		{F8E1BE47-9C5C-41CE-909A-89DC50A25498}.Release|Any CPU.Build.0 = Release|Any CPU
	EndGlobalSection
	GlobalSection(SolutionProperties) = preSolution
		HideSolutionNode = FALSE
	EndGlobalSection
	GlobalSection(ExtensibilityGlobals) = postSolution
		SolutionGuid = {4A64FEA9-993A-49B3-99CD-94FCC6C8C965}
	EndGlobalSection
EndGlobal
