
Microsoft Visual Studio Solution File, Format Version 12.00
# Visual Studio Version 17
VisualStudioVersion = 17.12.35728.132
MinimumVisualStudioVersion = 10.0.40219.1
Project("{FAE04EC0-301F-11D3-BF4B-00C04F79EFBC}") = "FactoryMethod", "FactoryMethod\FactoryMethod.csproj", "{F47C18C8-8D68-4695-AB35-1A12B4BB5D75}"
EndProject
Project("{FAE04EC0-301F-11D3-BF4B-00C04F79EFBC}") = "Builder", "Builder\Builder.csproj", "{4848C1A9-2199-48F7-891C-6525F70CA3E8}"
EndProject
Project("{FAE04EC0-301F-11D3-BF4B-00C04F79EFBC}") = "Prototype", "Prototype\Prototype.csproj", "{7778725C-963D-4523-B43C-6935126CA403}"
EndProject
Project("{FAE04EC0-301F-11D3-BF4B-00C04F79EFBC}") = "Singleton", "Singleton\Singleton.csproj", "{04391330-CB4C-4C76-91BC-80C5EF0EA3A9}"
EndProject
Project("{FAE04EC0-301F-11D3-BF4B-00C04F79EFBC}") = "AbstractFactory", "AbstractFactory\AbstractFactory.csproj", "{2C901F31-7824-422B-B730-881C9D6A1ECF}"
EndProject
Project("{FAE04EC0-301F-11D3-BF4B-00C04F79EFBC}") = "Adapter", "Adapter\Adapter.csproj", "{D7C33646-4269-4085-9467-1522458096DF}"
EndProject
Project("{FAE04EC0-301F-11D3-BF4B-00C04F79EFBC}") = "Bridge", "Bridge\Bridge.csproj", "{CAA7737B-6BC9-4B48-8FF5-A446C2CBF7EC}"
EndProject
Project("{FAE04EC0-301F-11D3-BF4B-00C04F79EFBC}") = "Facade", "Facade\Facade.csproj", "{3B1AEC07-068D-4ED6-AE35-C6221DBE1846}"
EndProject
Global
	GlobalSection(SolutionConfigurationPlatforms) = preSolution
		Debug|Any CPU = Debug|Any CPU
		Release|Any CPU = Release|Any CPU
	EndGlobalSection
	GlobalSection(ProjectConfigurationPlatforms) = postSolution
		{F47C18C8-8D68-4695-AB35-1A12B4BB5D75}.Debug|Any CPU.ActiveCfg = Debug|Any CPU
		{F47C18C8-8D68-4695-AB35-1A12B4BB5D75}.Debug|Any CPU.Build.0 = Debug|Any CPU
		{F47C18C8-8D68-4695-AB35-1A12B4BB5D75}.Release|Any CPU.ActiveCfg = Release|Any CPU
		{F47C18C8-8D68-4695-AB35-1A12B4BB5D75}.Release|Any CPU.Build.0 = Release|Any CPU
		{4848C1A9-2199-48F7-891C-6525F70CA3E8}.Debug|Any CPU.ActiveCfg = Debug|Any CPU
		{4848C1A9-2199-48F7-891C-6525F70CA3E8}.Debug|Any CPU.Build.0 = Debug|Any CPU
		{4848C1A9-2199-48F7-891C-6525F70CA3E8}.Release|Any CPU.ActiveCfg = Release|Any CPU
		{4848C1A9-2199-48F7-891C-6525F70CA3E8}.Release|Any CPU.Build.0 = Release|Any CPU
		{7778725C-963D-4523-B43C-6935126CA403}.Debug|Any CPU.ActiveCfg = Debug|Any CPU
		{7778725C-963D-4523-B43C-6935126CA403}.Debug|Any CPU.Build.0 = Debug|Any CPU
		{7778725C-963D-4523-B43C-6935126CA403}.Release|Any CPU.ActiveCfg = Release|Any CPU
		{7778725C-963D-4523-B43C-6935126CA403}.Release|Any CPU.Build.0 = Release|Any CPU
		{04391330-CB4C-4C76-91BC-80C5EF0EA3A9}.Debug|Any CPU.ActiveCfg = Debug|Any CPU
		{04391330-CB4C-4C76-91BC-80C5EF0EA3A9}.Debug|Any CPU.Build.0 = Debug|Any CPU
		{04391330-CB4C-4C76-91BC-80C5EF0EA3A9}.Release|Any CPU.ActiveCfg = Release|Any CPU
		{04391330-CB4C-4C76-91BC-80C5EF0EA3A9}.Release|Any CPU.Build.0 = Release|Any CPU
		{2C901F31-7824-422B-B730-881C9D6A1ECF}.Debug|Any CPU.ActiveCfg = Debug|Any CPU
		{2C901F31-7824-422B-B730-881C9D6A1ECF}.Debug|Any CPU.Build.0 = Debug|Any CPU
		{2C901F31-7824-422B-B730-881C9D6A1ECF}.Release|Any CPU.ActiveCfg = Release|Any CPU
		{2C901F31-7824-422B-B730-881C9D6A1ECF}.Release|Any CPU.Build.0 = Release|Any CPU
		{D7C33646-4269-4085-9467-1522458096DF}.Debug|Any CPU.ActiveCfg = Debug|Any CPU
		{D7C33646-4269-4085-9467-1522458096DF}.Debug|Any CPU.Build.0 = Debug|Any CPU
		{D7C33646-4269-4085-9467-1522458096DF}.Release|Any CPU.ActiveCfg = Release|Any CPU
		{D7C33646-4269-4085-9467-1522458096DF}.Release|Any CPU.Build.0 = Release|Any CPU
		{CAA7737B-6BC9-4B48-8FF5-A446C2CBF7EC}.Debug|Any CPU.ActiveCfg = Debug|Any CPU
		{CAA7737B-6BC9-4B48-8FF5-A446C2CBF7EC}.Debug|Any CPU.Build.0 = Debug|Any CPU
		{CAA7737B-6BC9-4B48-8FF5-A446C2CBF7EC}.Release|Any CPU.ActiveCfg = Release|Any CPU
		{CAA7737B-6BC9-4B48-8FF5-A446C2CBF7EC}.Release|Any CPU.Build.0 = Release|Any CPU
		{3B1AEC07-068D-4ED6-AE35-C6221DBE1846}.Debug|Any CPU.ActiveCfg = Debug|Any CPU
		{3B1AEC07-068D-4ED6-AE35-C6221DBE1846}.Debug|Any CPU.Build.0 = Debug|Any CPU
		{3B1AEC07-068D-4ED6-AE35-C6221DBE1846}.Release|Any CPU.ActiveCfg = Release|Any CPU
		{3B1AEC07-068D-4ED6-AE35-C6221DBE1846}.Release|Any CPU.Build.0 = Release|Any CPU
	EndGlobalSection
	GlobalSection(SolutionProperties) = preSolution
		HideSolutionNode = FALSE
	EndGlobalSection
EndGlobal
